// !$*UTF8*$!
{
	archiveVersion = 1;
	classes = {
	};
	objectVersion = 50;
	objects = {

/* Begin PBXBuildFile section */
		C7523536229D0E0700A20931 /* RootViewController.m in Sources */ = {isa = PBXBuildFile; fileRef = C7523535229D0E0700A20931 /* RootViewController.m */; };
		C7523539229D105900A20931 /* Test2ViewController.m in Sources */ = {isa = PBXBuildFile; fileRef = C7523538229D105900A20931 /* Test2ViewController.m */; };
		C77D53F12295333E0026C773 /* AppDelegate.m in Sources */ = {isa = PBXBuildFile; fileRef = C77D53F02295333E0026C773 /* AppDelegate.m */; };
		C77D53F42295333E0026C773 /* Test1ViewController.m in Sources */ = {isa = PBXBuildFile; fileRef = C77D53F32295333E0026C773 /* Test1ViewController.m */; };
		C77D53F72295333E0026C773 /* Main.storyboard in Resources */ = {isa = PBXBuildFile; fileRef = C77D53F52295333E0026C773 /* Main.storyboard */; };
		C77D53F92295333F0026C773 /* Assets.xcassets in Resources */ = {isa = PBXBuildFile; fileRef = C77D53F82295333F0026C773 /* Assets.xcassets */; };
		C77D53FC2295333F0026C773 /* LaunchScreen.storyboard in Resources */ = {isa = PBXBuildFile; fileRef = C77D53FA2295333F0026C773 /* LaunchScreen.storyboard */; };
		C77D53FF2295333F0026C773 /* main.m in Sources */ = {isa = PBXBuildFile; fileRef = C77D53FE2295333F0026C773 /* main.m */; };
		C77D54092295333F0026C773 /* _____DemoTests.m in Sources */ = {isa = PBXBuildFile; fileRef = C77D54082295333F0026C773 /* _____DemoTests.m */; };
		C77D54142295333F0026C773 /* _____DemoUITests.m in Sources */ = {isa = PBXBuildFile; fileRef = C77D54132295333F0026C773 /* _____DemoUITests.m */; };
		C77D5423229565060026C773 /* Person.m in Sources */ = {isa = PBXBuildFile; fileRef = C77D5422229565060026C773 /* Person.m */; };
/* End PBXBuildFile section */

/* Begin PBXContainerItemProxy section */
		C77D54052295333F0026C773 /* PBXContainerItemProxy */ = {
			isa = PBXContainerItemProxy;
			containerPortal = C77D53E42295333E0026C773 /* Project object */;
			proxyType = 1;
			remoteGlobalIDString = C77D53EB2295333E0026C773;
			remoteInfo = "内存管理-Demo";
		};
		C77D54102295333F0026C773 /* PBXContainerItemProxy */ = {
			isa = PBXContainerItemProxy;
			containerPortal = C77D53E42295333E0026C773 /* Project object */;
			proxyType = 1;
			remoteGlobalIDString = C77D53EB2295333E0026C773;
			remoteInfo = "内存管理-Demo";
		};
/* End PBXContainerItemProxy section */

/* Begin PBXFileReference section */
		C7523534229D0E0700A20931 /* RootViewController.h */ = {isa = PBXFileReference; lastKnownFileType = sourcecode.c.h; path = RootViewController.h; sourceTree = "<group>"; };
		C7523535229D0E0700A20931 /* RootViewController.m */ = {isa = PBXFileReference; lastKnownFileType = sourcecode.c.objc; path = RootViewController.m; sourceTree = "<group>"; };
		C7523537229D105900A20931 /* Test2ViewController.h */ = {isa = PBXFileReference; lastKnownFileType = sourcecode.c.h; path = Test2ViewController.h; sourceTree = "<group>"; };
		C7523538229D105900A20931 /* Test2ViewController.m */ = {isa = PBXFileReference; lastKnownFileType = sourcecode.c.objc; path = Test2ViewController.m; sourceTree = "<group>"; };
		C77D53EC2295333E0026C773 /* 内存管理-Demo.app */ = {isa = PBXFileReference; explicitFileType = wrapper.application; includeInIndex = 0; path = "内存管理-Demo.app"; sourceTree = BUILT_PRODUCTS_DIR; };
		C77D53EF2295333E0026C773 /* AppDelegate.h */ = {isa = PBXFileReference; lastKnownFileType = sourcecode.c.h; path = AppDelegate.h; sourceTree = "<group>"; };
		C77D53F02295333E0026C773 /* AppDelegate.m */ = {isa = PBXFileReference; lastKnownFileType = sourcecode.c.objc; path = AppDelegate.m; sourceTree = "<group>"; };
		C77D53F22295333E0026C773 /* Test1ViewController.h */ = {isa = PBXFileReference; lastKnownFileType = sourcecode.c.h; path = Test1ViewController.h; sourceTree = "<group>"; };
		C77D53F32295333E0026C773 /* Test1ViewController.m */ = {isa = PBXFileReference; lastKnownFileType = sourcecode.c.objc; path = Test1ViewController.m; sourceTree = "<group>"; };
		C77D53F62295333E0026C773 /* Base */ = {isa = PBXFileReference; lastKnownFileType = file.storyboard; name = Base; path = Base.lproj/Main.storyboard; sourceTree = "<group>"; };
		C77D53F82295333F0026C773 /* Assets.xcassets */ = {isa = PBXFileReference; lastKnownFileType = folder.assetcatalog; path = Assets.xcassets; sourceTree = "<group>"; };
		C77D53FB2295333F0026C773 /* Base */ = {isa = PBXFileReference; lastKnownFileType = file.storyboard; name = Base; path = Base.lproj/LaunchScreen.storyboard; sourceTree = "<group>"; };
		C77D53FD2295333F0026C773 /* Info.plist */ = {isa = PBXFileReference; lastKnownFileType = text.plist.xml; path = Info.plist; sourceTree = "<group>"; };
		C77D53FE2295333F0026C773 /* main.m */ = {isa = PBXFileReference; lastKnownFileType = sourcecode.c.objc; path = main.m; sourceTree = "<group>"; };
		C77D54042295333F0026C773 /* 内存管理-DemoTests.xctest */ = {isa = PBXFileReference; explicitFileType = wrapper.cfbundle; includeInIndex = 0; path = "内存管理-DemoTests.xctest"; sourceTree = BUILT_PRODUCTS_DIR; };
		C77D54082295333F0026C773 /* _____DemoTests.m */ = {isa = PBXFileReference; lastKnownFileType = sourcecode.c.objc; path = "_____DemoTests.m"; sourceTree = "<group>"; };
		C77D540A2295333F0026C773 /* Info.plist */ = {isa = PBXFileReference; lastKnownFileType = text.plist.xml; path = Info.plist; sourceTree = "<group>"; };
		C77D540F2295333F0026C773 /* 内存管理-DemoUITests.xctest */ = {isa = PBXFileReference; explicitFileType = wrapper.cfbundle; includeInIndex = 0; path = "内存管理-DemoUITests.xctest"; sourceTree = BUILT_PRODUCTS_DIR; };
		C77D54132295333F0026C773 /* _____DemoUITests.m */ = {isa = PBXFileReference; lastKnownFileType = sourcecode.c.objc; path = "_____DemoUITests.m"; sourceTree = "<group>"; };
		C77D54152295333F0026C773 /* Info.plist */ = {isa = PBXFileReference; lastKnownFileType = text.plist.xml; path = Info.plist; sourceTree = "<group>"; };
		C77D5421229565060026C773 /* Person.h */ = {isa = PBXFileReference; lastKnownFileType = sourcecode.c.h; path = Person.h; sourceTree = "<group>"; };
		C77D5422229565060026C773 /* Person.m */ = {isa = PBXFileReference; lastKnownFileType = sourcecode.c.objc; path = Person.m; sourceTree = "<group>"; };
/* End PBXFileReference section */

/* Begin PBXFrameworksBuildPhase section */
		C77D53E92295333E0026C773 /* Frameworks */ = {
			isa = PBXFrameworksBuildPhase;
			buildActionMask = 2147483647;
			files = (
			);
			runOnlyForDeploymentPostprocessing = 0;
		};
		C77D54012295333F0026C773 /* Frameworks */ = {
			isa = PBXFrameworksBuildPhase;
			buildActionMask = 2147483647;
			files = (
			);
			runOnlyForDeploymentPostprocessing = 0;
		};
		C77D540C2295333F0026C773 /* Frameworks */ = {
			isa = PBXFrameworksBuildPhase;
			buildActionMask = 2147483647;
			files = (
			);
			runOnlyForDeploymentPostprocessing = 0;
		};
/* End PBXFrameworksBuildPhase section */

/* Begin PBXGroup section */
		C77D53E32295333E0026C773 = {
			isa = PBXGroup;
			children = (
				C77D53EE2295333E0026C773 /* 内存管理-Demo */,
				C77D54072295333F0026C773 /* 内存管理-DemoTests */,
				C77D54122295333F0026C773 /* 内存管理-DemoUITests */,
				C77D53ED2295333E0026C773 /* Products */,
			);
			sourceTree = "<group>";
		};
		C77D53ED2295333E0026C773 /* Products */ = {
			isa = PBXGroup;
			children = (
				C77D53EC2295333E0026C773 /* 内存管理-Demo.app */,
				C77D54042295333F0026C773 /* 内存管理-DemoTests.xctest */,
				C77D540F2295333F0026C773 /* 内存管理-DemoUITests.xctest */,
			);
			name = Products;
			sourceTree = "<group>";
		};
		C77D53EE2295333E0026C773 /* 内存管理-Demo */ = {
			isa = PBXGroup;
			children = (
				C77D53EF2295333E0026C773 /* AppDelegate.h */,
				C77D53F02295333E0026C773 /* AppDelegate.m */,
				C7523534229D0E0700A20931 /* RootViewController.h */,
				C7523535229D0E0700A20931 /* RootViewController.m */,
				C7523537229D105900A20931 /* Test2ViewController.h */,
				C7523538229D105900A20931 /* Test2ViewController.m */,
				C77D53F22295333E0026C773 /* Test1ViewController.h */,
				C77D53F32295333E0026C773 /* Test1ViewController.m */,
				C77D5421229565060026C773 /* Person.h */,
				C77D5422229565060026C773 /* Person.m */,
				C77D53F52295333E0026C773 /* Main.storyboard */,
				C77D53F82295333F0026C773 /* Assets.xcassets */,
				C77D53FA2295333F0026C773 /* LaunchScreen.storyboard */,
				C77D53FD2295333F0026C773 /* Info.plist */,
				C77D53FE2295333F0026C773 /* main.m */,
			);
			path = "内存管理-Demo";
			sourceTree = "<group>";
		};
		C77D54072295333F0026C773 /* 内存管理-DemoTests */ = {
			isa = PBXGroup;
			children = (
				C77D54082295333F0026C773 /* _____DemoTests.m */,
				C77D540A2295333F0026C773 /* Info.plist */,
			);
			path = "内存管理-DemoTests";
			sourceTree = "<group>";
		};
		C77D54122295333F0026C773 /* 内存管理-DemoUITests */ = {
			isa = PBXGroup;
			children = (
				C77D54132295333F0026C773 /* _____DemoUITests.m */,
				C77D54152295333F0026C773 /* Info.plist */,
			);
			path = "内存管理-DemoUITests";
			sourceTree = "<group>";
		};
/* End PBXGroup section */

/* Begin PBXNativeTarget section */
		C77D53EB2295333E0026C773 /* 内存管理-Demo */ = {
			isa = PBXNativeTarget;
			buildConfigurationList = C77D54182295333F0026C773 /* Build configuration list for PBXNativeTarget "内存管理-Demo" */;
			buildPhases = (
				C77D53E82295333E0026C773 /* Sources */,
				C77D53E92295333E0026C773 /* Frameworks */,
				C77D53EA2295333E0026C773 /* Resources */,
			);
			buildRules = (
			);
			dependencies = (
			);
			name = "内存管理-Demo";
			productName = "内存管理-Demo";
			productReference = C77D53EC2295333E0026C773 /* 内存管理-Demo.app */;
			productType = "com.apple.product-type.application";
		};
		C77D54032295333F0026C773 /* 内存管理-DemoTests */ = {
			isa = PBXNativeTarget;
			buildConfigurationList = C77D541B2295333F0026C773 /* Build configuration list for PBXNativeTarget "内存管理-DemoTests" */;
			buildPhases = (
				C77D54002295333F0026C773 /* Sources */,
				C77D54012295333F0026C773 /* Frameworks */,
				C77D54022295333F0026C773 /* Resources */,
			);
			buildRules = (
			);
			dependencies = (
				C77D54062295333F0026C773 /* PBXTargetDependency */,
			);
			name = "内存管理-DemoTests";
			productName = "内存管理-DemoTests";
			productReference = C77D54042295333F0026C773 /* 内存管理-DemoTests.xctest */;
			productType = "com.apple.product-type.bundle.unit-test";
		};
		C77D540E2295333F0026C773 /* 内存管理-DemoUITests */ = {
			isa = PBXNativeTarget;
			buildConfigurationList = C77D541E2295333F0026C773 /* Build configuration list for PBXNativeTarget "内存管理-DemoUITests" */;
			buildPhases = (
				C77D540B2295333F0026C773 /* Sources */,
				C77D540C2295333F0026C773 /* Frameworks */,
				C77D540D2295333F0026C773 /* Resources */,
			);
			buildRules = (
			);
			dependencies = (
				C77D54112295333F0026C773 /* PBXTargetDependency */,
			);
			name = "内存管理-DemoUITests";
			productName = "内存管理-DemoUITests";
			productReference = C77D540F2295333F0026C773 /* 内存管理-DemoUITests.xctest */;
			productType = "com.apple.product-type.bundle.ui-testing";
		};
/* End PBXNativeTarget section */

/* Begin PBXProject section */
		C77D53E42295333E0026C773 /* Project object */ = {
			isa = PBXProject;
			attributes = {
				LastUpgradeCheck = 1010;
				ORGANIZATIONNAME = "王泽龙";
				TargetAttributes = {
					C77D53EB2295333E0026C773 = {
						CreatedOnToolsVersion = 10.1;
					};
					C77D54032295333F0026C773 = {
						CreatedOnToolsVersion = 10.1;
						TestTargetID = C77D53EB2295333E0026C773;
					};
					C77D540E2295333F0026C773 = {
						CreatedOnToolsVersion = 10.1;
						TestTargetID = C77D53EB2295333E0026C773;
					};
				};
			};
			buildConfigurationList = C77D53E72295333E0026C773 /* Build configuration list for PBXProject "内存管理-Demo" */;
			compatibilityVersion = "Xcode 9.3";
			developmentRegion = en;
			hasScannedForEncodings = 0;
			knownRegions = (
				en,
				Base,
			);
			mainGroup = C77D53E32295333E0026C773;
			productRefGroup = C77D53ED2295333E0026C773 /* Products */;
			projectDirPath = "";
			projectRoot = "";
			targets = (
				C77D53EB2295333E0026C773 /* 内存管理-Demo */,
				C77D54032295333F0026C773 /* 内存管理-DemoTests */,
				C77D540E2295333F0026C773 /* 内存管理-DemoUITests */,
			);
		};
/* End PBXProject section */

/* Begin PBXResourcesBuildPhase section */
		C77D53EA2295333E0026C773 /* Resources */ = {
			isa = PBXResourcesBuildPhase;
			buildActionMask = 2147483647;
			files = (
				C77D53FC2295333F0026C773 /* LaunchScreen.storyboard in Resources */,
				C77D53F92295333F0026C773 /* Assets.xcassets in Resources */,
				C77D53F72295333E0026C773 /* Main.storyboard in Resources */,
			);
			runOnlyForDeploymentPostprocessing = 0;
		};
		C77D54022295333F0026C773 /* Resources */ = {
			isa = PBXResourcesBuildPhase;
			buildActionMask = 2147483647;
			files = (
			);
			runOnlyForDeploymentPostprocessing = 0;
		};
		C77D540D2295333F0026C773 /* Resources */ = {
			isa = PBXResourcesBuildPhase;
			buildActionMask = 2147483647;
			files = (
			);
			runOnlyForDeploymentPostprocessing = 0;
		};
/* End PBXResourcesBuildPhase section */

/* Begin PBXSourcesBuildPhase section */
		C77D53E82295333E0026C773 /* Sources */ = {
			isa = PBXSourcesBuildPhase;
			buildActionMask = 2147483647;
			files = (
				C77D53F42295333E0026C773 /* Test1ViewController.m in Sources */,
				C7523536229D0E0700A20931 /* RootViewController.m in Sources */,
				C77D53FF2295333F0026C773 /* main.m in Sources */,
				C7523539229D105900A20931 /* Test2ViewController.m in Sources */,
				C77D5423229565060026C773 /* Person.m in Sources */,
				C77D53F12295333E0026C773 /* AppDelegate.m in Sources */,
			);
			runOnlyForDeploymentPostprocessing = 0;
		};
		C77D54002295333F0026C773 /* Sources */ = {
			isa = PBXSourcesBuildPhase;
			buildActionMask = 2147483647;
			files = (
				C77D54092295333F0026C773 /* _____DemoTests.m in Sources */,
			);
			runOnlyForDeploymentPostprocessing = 0;
		};
		C77D540B2295333F0026C773 /* Sources */ = {
			isa = PBXSourcesBuildPhase;
			buildActionMask = 2147483647;
			files = (
				C77D54142295333F0026C773 /* _____DemoUITests.m in Sources */,
			);
			runOnlyForDeploymentPostprocessing = 0;
		};
/* End PBXSourcesBuildPhase section */

/* Begin PBXTargetDependency section */
		C77D54062295333F0026C773 /* PBXTargetDependency */ = {
			isa = PBXTargetDependency;
			target = C77D53EB2295333E0026C773 /* 内存管理-Demo */;
			targetProxy = C77D54052295333F0026C773 /* PBXContainerItemProxy */;
		};
		C77D54112295333F0026C773 /* PBXTargetDependency */ = {
			isa = PBXTargetDependency;
			target = C77D53EB2295333E0026C773 /* 内存管理-Demo */;
			targetProxy = C77D54102295333F0026C773 /* PBXContainerItemProxy */;
		};
/* End PBXTargetDependency section */

/* Begin PBXVariantGroup section */
		C77D53F52295333E0026C773 /* Main.storyboard */ = {
			isa = PBXVariantGroup;
			children = (
				C77D53F62295333E0026C773 /* Base */,
			);
			name = Main.storyboard;
			sourceTree = "<group>";
		};
		C77D53FA2295333F0026C773 /* LaunchScreen.storyboard */ = {
			isa = PBXVariantGroup;
			children = (
				C77D53FB2295333F0026C773 /* Base */,
			);
			name = LaunchScreen.storyboard;
			sourceTree = "<group>";
		};
/* End PBXVariantGroup section */

/* Begin XCBuildConfiguration section */
		C77D54162295333F0026C773 /* Debug */ = {
			isa = XCBuildConfiguration;
			buildSettings = {
				ALWAYS_SEARCH_USER_PATHS = NO;
				CLANG_ANALYZER_NONNULL = YES;
				CLANG_ANALYZER_NUMBER_OBJECT_CONVERSION = YES_AGGRESSIVE;
				CLANG_CXX_LANGUAGE_STANDARD = "gnu++14";
				CLANG_CXX_LIBRARY = "libc++";
				CLANG_ENABLE_MODULES = YES;
				CLANG_ENABLE_OBJC_ARC = YES;
				CLANG_ENABLE_OBJC_WEAK = YES;
				CLANG_WARN_BLOCK_CAPTURE_AUTORELEASING = YES;
				CLANG_WARN_BOOL_CONVERSION = YES;
				CLANG_WARN_COMMA = YES;
				CLANG_WARN_CONSTANT_CONVERSION = YES;
				CLANG_WARN_DEPRECATED_OBJC_IMPLEMENTATIONS = YES;
				CLANG_WARN_DIRECT_OBJC_ISA_USAGE = YES_ERROR;
				CLANG_WARN_DOCUMENTATION_COMMENTS = YES;
				CLANG_WARN_EMPTY_BODY = YES;
				CLANG_WARN_ENUM_CONVERSION = YES;
				CLANG_WARN_INFINITE_RECURSION = YES;
				CLANG_WARN_INT_CONVERSION = YES;
				CLANG_WARN_NON_LITERAL_NULL_CONVERSION = YES;
				CLANG_WARN_OBJC_IMPLICIT_RETAIN_SELF = YES;
				CLANG_WARN_OBJC_LITERAL_CONVERSION = YES;
				CLANG_WARN_OBJC_ROOT_CLASS = YES_ERROR;
				CLANG_WARN_RANGE_LOOP_ANALYSIS = YES;
				CLANG_WARN_STRICT_PROTOTYPES = YES;
				CLANG_WARN_SUSPICIOUS_MOVE = YES;
				CLANG_WARN_UNGUARDED_AVAILABILITY = YES_AGGRESSIVE;
				CLANG_WARN_UNREACHABLE_CODE = YES;
				CLANG_WARN__DUPLICATE_METHOD_MATCH = YES;
				CODE_SIGN_IDENTITY = "iPhone Developer";
				COPY_PHASE_STRIP = NO;
				DEBUG_INFORMATION_FORMAT = dwarf;
				ENABLE_STRICT_OBJC_MSGSEND = YES;
				ENABLE_TESTABILITY = YES;
				GCC_C_LANGUAGE_STANDARD = gnu11;
				GCC_DYNAMIC_NO_PIC = NO;
				GCC_NO_COMMON_BLOCKS = YES;
				GCC_OPTIMIZATION_LEVEL = 0;
				GCC_PREPROCESSOR_DEFINITIONS = (
					"DEBUG=1",
					"$(inherited)",
				);
				GCC_WARN_64_TO_32_BIT_CONVERSION = YES;
				GCC_WARN_ABOUT_RETURN_TYPE = YES_ERROR;
				GCC_WARN_UNDECLARED_SELECTOR = YES;
				GCC_WARN_UNINITIALIZED_AUTOS = YES_AGGRESSIVE;
				GCC_WARN_UNUSED_FUNCTION = YES;
				GCC_WARN_UNUSED_VARIABLE = YES;
				IPHONEOS_DEPLOYMENT_TARGET = 12.1;
				MTL_ENABLE_DEBUG_INFO = INCLUDE_SOURCE;
				MTL_FAST_MATH = YES;
				ONLY_ACTIVE_ARCH = YES;
				SDKROOT = iphoneos;
			};
			name = Debug;
		};
		C77D54172295333F0026C773 /* Release */ = {
			isa = XCBuildConfiguration;
			buildSettings = {
				ALWAYS_SEARCH_USER_PATHS = NO;
				CLANG_ANALYZER_NONNULL = YES;
				CLANG_ANALYZER_NUMBER_OBJECT_CONVERSION = YES_AGGRESSIVE;
				CLANG_CXX_LANGUAGE_STANDARD = "gnu++14";
				CLANG_CXX_LIBRARY = "libc++";
				CLANG_ENABLE_MODULES = YES;
				CLANG_ENABLE_OBJC_ARC = YES;
				CLANG_ENABLE_OBJC_WEAK = YES;
				CLANG_WARN_BLOCK_CAPTURE_AUTORELEASING = YES;
				CLANG_WARN_BOOL_CONVERSION = YES;
				CLANG_WARN_COMMA = YES;
				CLANG_WARN_CONSTANT_CONVERSION = YES;
				CLANG_WARN_DEPRECATED_OBJC_IMPLEMENTATIONS = YES;
				CLANG_WARN_DIRECT_OBJC_ISA_USAGE = YES_ERROR;
				CLANG_WARN_DOCUMENTATION_COMMENTS = YES;
				CLANG_WARN_EMPTY_BODY = YES;
				CLANG_WARN_ENUM_CONVERSION = YES;
				CLANG_WARN_INFINITE_RECURSION = YES;
				CLANG_WARN_INT_CONVERSION = YES;
				CLANG_WARN_NON_LITERAL_NULL_CONVERSION = YES;
				CLANG_WARN_OBJC_IMPLICIT_RETAIN_SELF = YES;
				CLANG_WARN_OBJC_LITERAL_CONVERSION = YES;
				CLANG_WARN_OBJC_ROOT_CLASS = YES_ERROR;
				CLANG_WARN_RANGE_LOOP_ANALYSIS = YES;
				CLANG_WARN_STRICT_PROTOTYPES = YES;
				CLANG_WARN_SUSPICIOUS_MOVE = YES;
				CLANG_WARN_UNGUARDED_AVAILABILITY = YES_AGGRESSIVE;
				CLANG_WARN_UNREACHABLE_CODE = YES;
				CLANG_WARN__DUPLICATE_METHOD_MATCH = YES;
				CODE_SIGN_IDENTITY = "iPhone Developer";
				COPY_PHASE_STRIP = NO;
				DEBUG_INFORMATION_FORMAT = "dwarf-with-dsym";
				ENABLE_NS_ASSERTIONS = NO;
				ENABLE_STRICT_OBJC_MSGSEND = YES;
				GCC_C_LANGUAGE_STANDARD = gnu11;
				GCC_NO_COMMON_BLOCKS = YES;
				GCC_WARN_64_TO_32_BIT_CONVERSION = YES;
				GCC_WARN_ABOUT_RETURN_TYPE = YES_ERROR;
				GCC_WARN_UNDECLARED_SELECTOR = YES;
				GCC_WARN_UNINITIALIZED_AUTOS = YES_AGGRESSIVE;
				GCC_WARN_UNUSED_FUNCTION = YES;
				GCC_WARN_UNUSED_VARIABLE = YES;
				IPHONEOS_DEPLOYMENT_TARGET = 12.1;
				MTL_ENABLE_DEBUG_INFO = NO;
				MTL_FAST_MATH = YES;
				SDKROOT = iphoneos;
				VALIDATE_PRODUCT = YES;
			};
			name = Release;
		};
		C77D54192295333F0026C773 /* Debug */ = {
			isa = XCBuildConfiguration;
			buildSettings = {
				ASSETCATALOG_COMPILER_APPICON_NAME = AppIcon;
				CODE_SIGN_STYLE = Automatic;
				INFOPLIST_FILE = "内存管理-Demo/Info.plist";
				LD_RUNPATH_SEARCH_PATHS = (
					"$(inherited)",
					"@executable_path/Frameworks",
				);
				PRODUCT_BUNDLE_IDENTIFIER = "xiaoyaoknight.-----Demo";
				PRODUCT_NAME = "$(TARGET_NAME)";
				TARGETED_DEVICE_FAMILY = "1,2";
			};
			name = Debug;
		};
		C77D541A2295333F0026C773 /* Release */ = {
			isa = XCBuildConfiguration;
			buildSettings = {
				ASSETCATALOG_COMPILER_APPICON_NAME = AppIcon;
				CODE_SIGN_STYLE = Automatic;
				INFOPLIST_FILE = "内存管理-Demo/Info.plist";
				LD_RUNPATH_SEARCH_PATHS = (
					"$(inherited)",
					"@executable_path/Frameworks",
				);
				PRODUCT_BUNDLE_IDENTIFIER = "xiaoyaoknight.-----Demo";
				PRODUCT_NAME = "$(TARGET_NAME)";
				TARGETED_DEVICE_FAMILY = "1,2";
			};
			name = Release;
		};
		C77D541C2295333F0026C773 /* Debug */ = {
			isa = XCBuildConfiguration;
			buildSettings = {
				BUNDLE_LOADER = "$(TEST_HOST)";
				CODE_SIGN_STYLE = Automatic;
				INFOPLIST_FILE = "内存管理-DemoTests/Info.plist";
				LD_RUNPATH_SEARCH_PATHS = (
					"$(inherited)",
					"@executable_path/Frameworks",
					"@loader_path/Frameworks",
				);
				PRODUCT_BUNDLE_IDENTIFIER = "xiaoyaoknight.-----DemoTests";
				PRODUCT_NAME = "$(TARGET_NAME)";
				TARGETED_DEVICE_FAMILY = "1,2";
				TEST_HOST = "$(BUILT_PRODUCTS_DIR)/内存管理-Demo.app/内存管理-Demo";
			};
			name = Debug;
		};
		C77D541D2295333F0026C773 /* Release */ = {
			isa = XCBuildConfiguration;
			buildSettings = {
				BUNDLE_LOADER = "$(TEST_HOST)";
				CODE_SIGN_STYLE = Automatic;
				INFOPLIST_FILE = "内存管理-DemoTests/Info.plist";
				LD_RUNPATH_SEARCH_PATHS = (
					"$(inherited)",
					"@executable_path/Frameworks",
					"@loader_path/Frameworks",
				);
				PRODUCT_BUNDLE_IDENTIFIER = "xiaoyaoknight.-----DemoTests";
				PRODUCT_NAME = "$(TARGET_NAME)";
				TARGETED_DEVICE_FAMILY = "1,2";
				TEST_HOST = "$(BUILT_PRODUCTS_DIR)/内存管理-Demo.app/内存管理-Demo";
			};
			name = Release;
		};
		C77D541F2295333F0026C773 /* Debug */ = {
			isa = XCBuildConfiguration;
			buildSettings = {
				CODE_SIGN_STYLE = Automatic;
				INFOPLIST_FILE = "内存管理-DemoUITests/Info.plist";
				LD_RUNPATH_SEARCH_PATHS = (
					"$(inherited)",
					"@executable_path/Frameworks",
					"@loader_path/Frameworks",
				);
				PRODUCT_BUNDLE_IDENTIFIER = "xiaoyaoknight.-----DemoUITests";
				PRODUCT_NAME = "$(TARGET_NAME)";
				TARGETED_DEVICE_FAMILY = "1,2";
				TEST_TARGET_NAME = "内存管理-Demo";
			};
			name = Debug;
		};
		C77D54202295333F0026C773 /* Release */ = {
			isa = XCBuildConfiguration;
			buildSettings = {
				CODE_SIGN_STYLE = Automatic;
				INFOPLIST_FILE = "内存管理-DemoUITests/Info.plist";
				LD_RUNPATH_SEARCH_PATHS = (
					"$(inherited)",
					"@executable_path/Frameworks",
					"@loader_path/Frameworks",
				);
				PRODUCT_BUNDLE_IDENTIFIER = "xiaoyaoknight.-----DemoUITests";
				PRODUCT_NAME = "$(TARGET_NAME)";
				TARGETED_DEVICE_FAMILY = "1,2";
				TEST_TARGET_NAME = "内存管理-Demo";
			};
			name = Release;
		};
/* End XCBuildConfiguration section */

/* Begin XCConfigurationList section */
		C77D53E72295333E0026C773 /* Build configuration list for PBXProject "内存管理-Demo" */ = {
			isa = XCConfigurationList;
			buildConfigurations = (
				C77D54162295333F0026C773 /* Debug */,
				C77D54172295333F0026C773 /* Release */,
			);
			defaultConfigurationIsVisible = 0;
			defaultConfigurationName = Release;
		};
		C77D54182295333F0026C773 /* Build configuration list for PBXNativeTarget "内存管理-Demo" */ = {
			isa = XCConfigurationList;
			buildConfigurations = (
				C77D54192295333F0026C773 /* Debug */,
				C77D541A2295333F0026C773 /* Release */,
			);
			defaultConfigurationIsVisible = 0;
			defaultConfigurationName = Release;
		};
		C77D541B2295333F0026C773 /* Build configuration list for PBXNativeTarget "内存管理-DemoTests" */ = {
			isa = XCConfigurationList;
			buildConfigurations = (
				C77D541C2295333F0026C773 /* Debug */,
				C77D541D2295333F0026C773 /* Release */,
			);
			defaultConfigurationIsVisible = 0;
			defaultConfigurationName = Release;
		};
		C77D541E2295333F0026C773 /* Build configuration list for PBXNativeTarget "内存管理-DemoUITests" */ = {
			isa = XCConfigurationList;
			buildConfigurations = (
				C77D541F2295333F0026C773 /* Debug */,
				C77D54202295333F0026C773 /* Release */,
			);
			defaultConfigurationIsVisible = 0;
			defaultConfigurationName = Release;
		};
/* End XCConfigurationList section */
	};
	rootObject = C77D53E42295333E0026C773 /* Project object */;
}
